
Microsoft Visual Studio Solution File, Format Version 12.00
# Visual Studio Version 16
VisualStudioVersion = 16.0.30611.23
MinimumVisualStudioVersion = 10.0.40219.1
Project("{9A19103F-16F7-4668-BE54-9A1E7A4F7556}") = "TestSort", "TestSort\TestSort.csproj", "{09E462B1-DDC2-4101-9493-CDEE712F556B}"
EndProject
Project("{9A19103F-16F7-4668-BE54-9A1E7A4F7556}") = "TestSort.Algorithms.Tests", "TestSort.Algorithms.Tests\TestSort.Algorithms.Tests.csproj", "{C0AFA203-C844-4D0A-BE37-12C50F6CDBD6}"
EndProject
Project("{9A19103F-16F7-4668-BE54-9A1E7A4F7556}") = "TestSort.Algorithms", "TestSort.Algorithms\TestSort.Algorithms.csproj", "{AC27E46D-9AB4-42E0-A1D2-BEE4A3102606}"
EndProject
Global
	GlobalSection(SolutionConfigurationPlatforms) = preSolution
		Debug|Any CPU = Debug|Any CPU
		Release|Any CPU = Release|Any CPU
	EndGlobalSection
	GlobalSection(ProjectConfigurationPlatforms) = postSolution
		{09E462B1-DDC2-4101-9493-CDEE712F556B}.Debug|Any CPU.ActiveCfg = Debug|Any CPU
		{09E462B1-DDC2-4101-9493-CDEE712F556B}.Debug|Any CPU.Build.0 = Debug|Any CPU
		{09E462B1-DDC2-4101-9493-CDEE712F556B}.Release|Any CPU.ActiveCfg = Release|Any CPU
		{09E462B1-DDC2-4101-9493-CDEE712F556B}.Release|Any CPU.Build.0 = Release|Any CPU
		{C0AFA203-C844-4D0A-BE37-12C50F6CDBD6}.Debug|Any CPU.ActiveCfg = Debug|Any CPU
		{C0AFA203-C844-4D0A-BE37-12C50F6CDBD6}.Debug|Any CPU.Build.0 = Debug|Any CPU
		{C0AFA203-C844-4D0A-BE37-12C50F6CDBD6}.Release|Any CPU.ActiveCfg = Release|Any CPU
		{C0AFA203-C844-4D0A-BE37-12C50F6CDBD6}.Release|Any CPU.Build.0 = Release|Any CPU
		{AC27E46D-9AB4-42E0-A1D2-BEE4A3102606}.Debug|Any CPU.ActiveCfg = Debug|Any CPU
		{AC27E46D-9AB4-42E0-A1D2-BEE4A3102606}.Debug|Any CPU.Build.0 = Debug|Any CPU
		{AC27E46D-9AB4-42E0-A1D2-BEE4A3102606}.Release|Any CPU.ActiveCfg = Release|Any CPU
		{AC27E46D-9AB4-42E0-A1D2-BEE4A3102606}.Release|Any CPU.Build.0 = Release|Any CPU
	EndGlobalSection
	GlobalSection(SolutionProperties) = preSolution
		HideSolutionNode = FALSE
	EndGlobalSection
	GlobalSection(ExtensibilityGlobals) = postSolution
		SolutionGuid = {AF3EB8F5-C03A-4E67-BA38-218711E4B58E}
	EndGlobalSection
EndGlobal
